
Microsoft Visual Studio Solution File, Format Version 12.00
# Visual Studio Version 17
VisualStudioVersion = 17.13.35818.85 d17.13
MinimumVisualStudioVersion = 10.0.40219.1
Project("{FAE04EC0-301F-11D3-BF4B-00C04F79EFBC}") = "tpmodul10_103022300005", "tpmodul10_103022300005\tpmodul10_103022300005.csproj", "{5323CA77-6A48-446E-A5E0-E06C4A831FB7}"
EndProject
Global
	GlobalSection(SolutionConfigurationPlatforms) = preSolution
		Debug|Any CPU = Debug|Any CPU
		Release|Any CPU = Release|Any CPU
	EndGlobalSection
	GlobalSection(ProjectConfigurationPlatforms) = postSolution
		{5323CA77-6A48-446E-A5E0-E06C4A831FB7}.Debug|Any CPU.ActiveCfg = Debug|Any CPU
		{5323CA77-6A48-446E-A5E0-E06C4A831FB7}.Debug|Any CPU.Build.0 = Debug|Any CPU
		{5323CA77-6A48-446E-A5E0-E06C4A831FB7}.Release|Any CPU.ActiveCfg = Release|Any CPU
		{5323CA77-6A48-446E-A5E0-E06C4A831FB7}.Release|Any CPU.Build.0 = Release|Any CPU
	EndGlobalSection
	GlobalSection(SolutionProperties) = preSolution
		HideSolutionNode = FALSE
	EndGlobalSection
	GlobalSection(ExtensibilityGlobals) = postSolution
		SolutionGuid = {6AB21F59-80FA-4412-BF8D-28419C5F2B9A}
	EndGlobalSection
EndGlobal
